
Microsoft Visual Studio Solution File, Format Version 12.00
# Visual Studio Version 16
VisualStudioVersion = 16.0.31025.194
MinimumVisualStudioVersion = 10.0.40219.1
Project("{8BC9CEB8-8B4A-11D0-8D11-00A0C91BC942}") = "WestWorldWithMessaging", "WestWorldWithMessaging.vcxproj", "{76F1ABB8-2B6B-4744-A0EF-9F142F00E873}"
EndProject
Global
	GlobalSection(SolutionConfigurationPlatforms) = preSolution
		Debug|x86 = Debug|x86
		Release|x86 = Release|x86
	EndGlobalSection
	GlobalSection(ProjectConfigurationPlatforms) = postSolution
		{76F1ABB8-2B6B-4744-A0EF-9F142F00E873}.Debug|x86.ActiveCfg = Debug|Win32
		{76F1ABB8-2B6B-4744-A0EF-9F142F00E873}.Debug|x86.Build.0 = Debug|Win32
		{76F1ABB8-2B6B-4744-A0EF-9F142F00E873}.Release|x86.ActiveCfg = Release|Win32
		{76F1ABB8-2B6B-4744-A0EF-9F142F00E873}.Release|x86.Build.0 = Release|Win32
	EndGlobalSection
	GlobalSection(SolutionProperties) = preSolution
		HideSolutionNode = FALSE
	EndGlobalSection
	GlobalSection(ExtensibilityGlobals) = postSolution
		SolutionGuid = {742E1261-9884-4FE2-B551-A4FC34F5FCE3}
	EndGlobalSection
EndGlobal
